// !$*UTF8*$!
{
	archiveVersion = 1;
	classes = {
	};
	objectVersion = 46;
	objects = {

/* Begin PBXBuildFile section */
		4C5A78041CD8998B000215F9 /* expect-ssh-topcaver.exp in Resources */ = {isa = PBXBuildFile; fileRef = 4C5A78031CD8998B000215F9 /* expect-ssh-topcaver.exp */; };
		4C739FE01CC0BDDC00BA85A0 /* AppDelegate.swift in Sources */ = {isa = PBXBuildFile; fileRef = 4C739FDF1CC0BDDC00BA85A0 /* AppDelegate.swift */; };
		4C739FE21CC0BDDC00BA85A0 /* ViewController.swift in Sources */ = {isa = PBXBuildFile; fileRef = 4C739FE11CC0BDDC00BA85A0 /* ViewController.swift */; };
		4C739FE41CC0BDDC00BA85A0 /* Assets.xcassets in Resources */ = {isa = PBXBuildFile; fileRef = 4C739FE31CC0BDDC00BA85A0 /* Assets.xcassets */; };
		4C739FE71CC0BDDC00BA85A0 /* Main.storyboard in Resources */ = {isa = PBXBuildFile; fileRef = 4C739FE51CC0BDDC00BA85A0 /* Main.storyboard */; };
		4C739FF21CC0BDDC00BA85A0 /* SSH_Tunnel_EasyTests.swift in Sources */ = {isa = PBXBuildFile; fileRef = 4C739FF11CC0BDDC00BA85A0 /* SSH_Tunnel_EasyTests.swift */; };
		4CA701A81CC9CD610016673A /* SshTunnel.swift in Sources */ = {isa = PBXBuildFile; fileRef = 4CA701A71CC9CD610016673A /* SshTunnel.swift */; };
		4CA701A91CC9CD610016673A /* SshTunnel.swift in Sources */ = {isa = PBXBuildFile; fileRef = 4CA701A71CC9CD610016673A /* SshTunnel.swift */; };
/* End PBXBuildFile section */

/* Begin PBXContainerItemProxy section */
		4C739FEE1CC0BDDC00BA85A0 /* PBXContainerItemProxy */ = {
			isa = PBXContainerItemProxy;
			containerPortal = 4C739FD41CC0BDDC00BA85A0 /* Project object */;
			proxyType = 1;
			remoteGlobalIDString = 4C739FDB1CC0BDDC00BA85A0;
			remoteInfo = "SSH Tunnel Easy";
		};
/* End PBXContainerItemProxy section */

/* Begin PBXFileReference section */
		4C5A78031CD8998B000215F9 /* expect-ssh-topcaver.exp */ = {isa = PBXFileReference; fileEncoding = 4; lastKnownFileType = sourcecode.exports; path = "expect-ssh-topcaver.exp"; sourceTree = "<group>"; };
		4C739FDC1CC0BDDC00BA85A0 /* SSH Tunnel Easy.app */ = {isa = PBXFileReference; explicitFileType = wrapper.application; includeInIndex = 0; path = "SSH Tunnel Easy.app"; sourceTree = BUILT_PRODUCTS_DIR; };
		4C739FDF1CC0BDDC00BA85A0 /* AppDelegate.swift */ = {isa = PBXFileReference; lastKnownFileType = sourcecode.swift; path = AppDelegate.swift; sourceTree = "<group>"; };
		4C739FE11CC0BDDC00BA85A0 /* ViewController.swift */ = {isa = PBXFileReference; lastKnownFileType = sourcecode.swift; path = ViewController.swift; sourceTree = "<group>"; };
		4C739FE31CC0BDDC00BA85A0 /* Assets.xcassets */ = {isa = PBXFileReference; lastKnownFileType = folder.assetcatalog; path = Assets.xcassets; sourceTree = "<group>"; };
		4C739FE61CC0BDDC00BA85A0 /* Base */ = {isa = PBXFileReference; lastKnownFileType = file.storyboard; name = Base; path = Base.lproj/Main.storyboard; sourceTree = "<group>"; };
		4C739FE81CC0BDDC00BA85A0 /* Info.plist */ = {isa = PBXFileReference; lastKnownFileType = text.plist.xml; path = Info.plist; sourceTree = "<group>"; };
		4C739FED1CC0BDDC00BA85A0 /* SSH Tunnel EasyTests.xctest */ = {isa = PBXFileReference; explicitFileType = wrapper.cfbundle; includeInIndex = 0; path = "SSH Tunnel EasyTests.xctest"; sourceTree = BUILT_PRODUCTS_DIR; };
		4C739FF11CC0BDDC00BA85A0 /* SSH_Tunnel_EasyTests.swift */ = {isa = PBXFileReference; lastKnownFileType = sourcecode.swift; path = SSH_Tunnel_EasyTests.swift; sourceTree = "<group>"; };
		4C739FF31CC0BDDC00BA85A0 /* Info.plist */ = {isa = PBXFileReference; lastKnownFileType = text.plist.xml; path = Info.plist; sourceTree = "<group>"; };
		4C9BC83E1CD0893300B1E1CA /* TestPlayground.playground */ = {isa = PBXFileReference; lastKnownFileType = file.playground; path = TestPlayground.playground; sourceTree = "<group>"; };
		4C9F309C1CC72FAF00DD5F69 /* SSH Tunnel Easy.entitlements */ = {isa = PBXFileReference; lastKnownFileType = text.xml; path = "SSH Tunnel Easy.entitlements"; sourceTree = "<group>"; };
		4CA701A71CC9CD610016673A /* SshTunnel.swift */ = {isa = PBXFileReference; fileEncoding = 4; lastKnownFileType = sourcecode.swift; path = SshTunnel.swift; sourceTree = "<group>"; };
/* End PBXFileReference section */

/* Begin PBXFrameworksBuildPhase section */
		4C739FD91CC0BDDC00BA85A0 /* Frameworks */ = {
			isa = PBXFrameworksBuildPhase;
			buildActionMask = 2147483647;
			files = (
			);
			runOnlyForDeploymentPostprocessing = 0;
		};
		4C739FEA1CC0BDDC00BA85A0 /* Frameworks */ = {
			isa = PBXFrameworksBuildPhase;
			buildActionMask = 2147483647;
			files = (
			);
			runOnlyForDeploymentPostprocessing = 0;
		};
/* End PBXFrameworksBuildPhase section */

/* Begin PBXGroup section */
		4C739FD31CC0BDDC00BA85A0 = {
			isa = PBXGroup;
			children = (
				4C739FDE1CC0BDDC00BA85A0 /* SSH Tunnel Easy */,
				4C739FF01CC0BDDC00BA85A0 /* SSH Tunnel EasyTests */,
				4C739FDD1CC0BDDC00BA85A0 /* Products */,
			);
			sourceTree = "<group>";
		};
		4C739FDD1CC0BDDC00BA85A0 /* Products */ = {
			isa = PBXGroup;
			children = (
				4C739FDC1CC0BDDC00BA85A0 /* SSH Tunnel Easy.app */,
				4C739FED1CC0BDDC00BA85A0 /* SSH Tunnel EasyTests.xctest */,
			);
			name = Products;
			sourceTree = "<group>";
		};
		4C739FDE1CC0BDDC00BA85A0 /* SSH Tunnel Easy */ = {
			isa = PBXGroup;
			children = (
				4C5A78031CD8998B000215F9 /* expect-ssh-topcaver.exp */,
				4C9F309C1CC72FAF00DD5F69 /* SSH Tunnel Easy.entitlements */,
				4C739FDF1CC0BDDC00BA85A0 /* AppDelegate.swift */,
				4C739FE11CC0BDDC00BA85A0 /* ViewController.swift */,
				4C739FE31CC0BDDC00BA85A0 /* Assets.xcassets */,
				4C739FE51CC0BDDC00BA85A0 /* Main.storyboard */,
				4C739FE81CC0BDDC00BA85A0 /* Info.plist */,
				4CA701A71CC9CD610016673A /* SshTunnel.swift */,
				4C9BC83E1CD0893300B1E1CA /* TestPlayground.playground */,
			);
			path = "SSH Tunnel Easy";
			sourceTree = "<group>";
		};
		4C739FF01CC0BDDC00BA85A0 /* SSH Tunnel EasyTests */ = {
			isa = PBXGroup;
			children = (
				4C739FF11CC0BDDC00BA85A0 /* SSH_Tunnel_EasyTests.swift */,
				4C739FF31CC0BDDC00BA85A0 /* Info.plist */,
			);
			path = "SSH Tunnel EasyTests";
			sourceTree = "<group>";
		};
/* End PBXGroup section */

/* Begin PBXNativeTarget section */
		4C739FDB1CC0BDDC00BA85A0 /* SSH Tunnel Easy */ = {
			isa = PBXNativeTarget;
			buildConfigurationList = 4C739FF61CC0BDDC00BA85A0 /* Build configuration list for PBXNativeTarget "SSH Tunnel Easy" */;
			buildPhases = (
				4C739FD81CC0BDDC00BA85A0 /* Sources */,
				4C739FD91CC0BDDC00BA85A0 /* Frameworks */,
				4C739FDA1CC0BDDC00BA85A0 /* Resources */,
			);
			buildRules = (
			);
			dependencies = (
			);
			name = "SSH Tunnel Easy";
			productName = "SSH Tunnel Easy";
			productReference = 4C739FDC1CC0BDDC00BA85A0 /* SSH Tunnel Easy.app */;
			productType = "com.apple.product-type.application";
		};
		4C739FEC1CC0BDDC00BA85A0 /* SSH Tunnel EasyTests */ = {
			isa = PBXNativeTarget;
			buildConfigurationList = 4C739FF91CC0BDDC00BA85A0 /* Build configuration list for PBXNativeTarget "SSH Tunnel EasyTests" */;
			buildPhases = (
				4C739FE91CC0BDDC00BA85A0 /* Sources */,
				4C739FEA1CC0BDDC00BA85A0 /* Frameworks */,
				4C739FEB1CC0BDDC00BA85A0 /* Resources */,
			);
			buildRules = (
			);
			dependencies = (
				4C739FEF1CC0BDDC00BA85A0 /* PBXTargetDependency */,
			);
			name = "SSH Tunnel EasyTests";
			productName = "SSH Tunnel EasyTests";
			productReference = 4C739FED1CC0BDDC00BA85A0 /* SSH Tunnel EasyTests.xctest */;
			productType = "com.apple.product-type.bundle.unit-test";
		};
/* End PBXNativeTarget section */

/* Begin PBXProject section */
		4C739FD41CC0BDDC00BA85A0 /* Project object */ = {
			isa = PBXProject;
			attributes = {
				LastSwiftUpdateCheck = 0730;
				LastUpgradeCheck = 0730;
				ORGANIZATIONNAME = TopCaver;
				TargetAttributes = {
					4C739FDB1CC0BDDC00BA85A0 = {
						CreatedOnToolsVersion = 7.3;
						SystemCapabilities = {
							com.apple.Sandbox = {
								enabled = 0;
							};
						};
					};
					4C739FEC1CC0BDDC00BA85A0 = {
						CreatedOnToolsVersion = 7.3;
						TestTargetID = 4C739FDB1CC0BDDC00BA85A0;
					};
				};
			};
			buildConfigurationList = 4C739FD71CC0BDDC00BA85A0 /* Build configuration list for PBXProject "SSH Tunnel Easy" */;
			compatibilityVersion = "Xcode 3.2";
			developmentRegion = English;
			hasScannedForEncodings = 0;
			knownRegions = (
				en,
				Base,
			);
			mainGroup = 4C739FD31CC0BDDC00BA85A0;
			productRefGroup = 4C739FDD1CC0BDDC00BA85A0 /* Products */;
			projectDirPath = "";
			projectRoot = "";
			targets = (
				4C739FDB1CC0BDDC00BA85A0 /* SSH Tunnel Easy */,
				4C739FEC1CC0BDDC00BA85A0 /* SSH Tunnel EasyTests */,
			);
		};
/* End PBXProject section */

/* Begin PBXResourcesBuildPhase section */
		4C739FDA1CC0BDDC00BA85A0 /* Resources */ = {
			isa = PBXResourcesBuildPhase;
			buildActionMask = 2147483647;
			files = (
				4C739FE41CC0BDDC00BA85A0 /* Assets.xcassets in Resources */,
				4C739FE71CC0BDDC00BA85A0 /* Main.storyboard in Resources */,
				4C5A78041CD8998B000215F9 /* expect-ssh-topcaver.exp in Resources */,
			);
			runOnlyForDeploymentPostprocessing = 0;
		};
		4C739FEB1CC0BDDC00BA85A0 /* Resources */ = {
			isa = PBXResourcesBuildPhase;
			buildActionMask = 2147483647;
			files = (
			);
			runOnlyForDeploymentPostprocessing = 0;
		};
/* End PBXResourcesBuildPhase section */

/* Begin PBXSourcesBuildPhase section */
		4C739FD81CC0BDDC00BA85A0 /* Sources */ = {
			isa = PBXSourcesBuildPhase;
			buildActionMask = 2147483647;
			files = (
				4C739FE21CC0BDDC00BA85A0 /* ViewController.swift in Sources */,
				4C739FE01CC0BDDC00BA85A0 /* AppDelegate.swift in Sources */,
				4CA701A81CC9CD610016673A /* SshTunnel.swift in Sources */,
			);
			runOnlyForDeploymentPostprocessing = 0;
		};
		4C739FE91CC0BDDC00BA85A0 /* Sources */ = {
			isa = PBXSourcesBuildPhase;
			buildActionMask = 2147483647;
			files = (
				4CA701A91CC9CD610016673A /* SshTunnel.swift in Sources */,
				4C739FF21CC0BDDC00BA85A0 /* SSH_Tunnel_EasyTests.swift in Sources */,
			);
			runOnlyForDeploymentPostprocessing = 0;
		};
/* End PBXSourcesBuildPhase section */

/* Begin PBXTargetDependency section */
		4C739FEF1CC0BDDC00BA85A0 /* PBXTargetDependency */ = {
			isa = PBXTargetDependency;
			target = 4C739FDB1CC0BDDC00BA85A0 /* SSH Tunnel Easy */;
			targetProxy = 4C739FEE1CC0BDDC00BA85A0 /* PBXContainerItemProxy */;
		};
/* End PBXTargetDependency section */

/* Begin PBXVariantGroup section */
		4C739FE51CC0BDDC00BA85A0 /* Main.storyboard */ = {
			isa = PBXVariantGroup;
			children = (
				4C739FE61CC0BDDC00BA85A0 /* Base */,
			);
			name = Main.storyboard;
			sourceTree = "<group>";
		};
/* End PBXVariantGroup section */

/* Begin XCBuildConfiguration section */
		4C739FF41CC0BDDC00BA85A0 /* Debug */ = {
			isa = XCBuildConfiguration;
			buildSettings = {
				ALWAYS_SEARCH_USER_PATHS = NO;
				CLANG_ANALYZER_NONNULL = YES;
				CLANG_CXX_LANGUAGE_STANDARD = "gnu++0x";
				CLANG_CXX_LIBRARY = "libc++";
				CLANG_ENABLE_MODULES = YES;
				CLANG_ENABLE_OBJC_ARC = YES;
				CLANG_WARN_BOOL_CONVERSION = YES;
				CLANG_WARN_CONSTANT_CONVERSION = YES;
				CLANG_WARN_DIRECT_OBJC_ISA_USAGE = YES_ERROR;
				CLANG_WARN_EMPTY_BODY = YES;
				CLANG_WARN_ENUM_CONVERSION = YES;
				CLANG_WARN_INT_CONVERSION = YES;
				CLANG_WARN_OBJC_ROOT_CLASS = YES_ERROR;
				CLANG_WARN_UNREACHABLE_CODE = YES;
				CLANG_WARN__DUPLICATE_METHOD_MATCH = YES;
				CODE_SIGN_IDENTITY = "-";
				COPY_PHASE_STRIP = NO;
				DEBUG_INFORMATION_FORMAT = dwarf;
				ENABLE_STRICT_OBJC_MSGSEND = YES;
				ENABLE_TESTABILITY = YES;
				GCC_C_LANGUAGE_STANDARD = gnu99;
				GCC_DYNAMIC_NO_PIC = NO;
				GCC_NO_COMMON_BLOCKS = YES;
				GCC_OPTIMIZATION_LEVEL = 0;
				GCC_PREPROCESSOR_DEFINITIONS = (
					"DEBUG=1",
					"$(inherited)",
				);
				GCC_WARN_64_TO_32_BIT_CONVERSION = YES;
				GCC_WARN_ABOUT_RETURN_TYPE = YES_ERROR;
				GCC_WARN_UNDECLARED_SELECTOR = YES;
				GCC_WARN_UNINITIALIZED_AUTOS = YES_AGGRESSIVE;
				GCC_WARN_UNUSED_FUNCTION = YES;
				GCC_WARN_UNUSED_VARIABLE = YES;
				MACOSX_DEPLOYMENT_TARGET = 10.11;
				MTL_ENABLE_DEBUG_INFO = YES;
				ONLY_ACTIVE_ARCH = YES;
				SDKROOT = macosx;
				SWIFT_OPTIMIZATION_LEVEL = "-Onone";
			};
			name = Debug;
		};
		4C739FF51CC0BDDC00BA85A0 /* Release */ = {
			isa = XCBuildConfiguration;
			buildSettings = {
				ALWAYS_SEARCH_USER_PATHS = NO;
				CLANG_ANALYZER_NONNULL = YES;
				CLANG_CXX_LANGUAGE_STANDARD = "gnu++0x";
				CLANG_CXX_LIBRARY = "libc++";
				CLANG_ENABLE_MODULES = YES;
				CLANG_ENABLE_OBJC_ARC = YES;
				CLANG_WARN_BOOL_CONVERSION = YES;
				CLANG_WARN_CONSTANT_CONVERSION = YES;
				CLANG_WARN_DIRECT_OBJC_ISA_USAGE = YES_ERROR;
				CLANG_WARN_EMPTY_BODY = YES;
				CLANG_WARN_ENUM_CONVERSION = YES;
				CLANG_WARN_INT_CONVERSION = YES;
				CLANG_WARN_OBJC_ROOT_CLASS = YES_ERROR;
				CLANG_WARN_UNREACHABLE_CODE = YES;
				CLANG_WARN__DUPLICATE_METHOD_MATCH = YES;
				CODE_SIGN_IDENTITY = "-";
				COPY_PHASE_STRIP = NO;
				DEBUG_INFORMATION_FORMAT = "dwarf-with-dsym";
				ENABLE_NS_ASSERTIONS = NO;
				ENABLE_STRICT_OBJC_MSGSEND = YES;
				GCC_C_LANGUAGE_STANDARD = gnu99;
				GCC_NO_COMMON_BLOCKS = YES;
				GCC_WARN_64_TO_32_BIT_CONVERSION = YES;
				GCC_WARN_ABOUT_RETURN_TYPE = YES_ERROR;
				GCC_WARN_UNDECLARED_SELECTOR = YES;
				GCC_WARN_UNINITIALIZED_AUTOS = YES_AGGRESSIVE;
				GCC_WARN_UNUSED_FUNCTION = YES;
				GCC_WARN_UNUSED_VARIABLE = YES;
				MACOSX_DEPLOYMENT_TARGET = 10.11;
				MTL_ENABLE_DEBUG_INFO = NO;
				SDKROOT = macosx;
			};
			name = Release;
		};
		4C739FF71CC0BDDC00BA85A0 /* Debug */ = {
			isa = XCBuildConfiguration;
			buildSettings = {
				ASSETCATALOG_COMPILER_APPICON_NAME = AppIcon;
				COMBINE_HIDPI_IMAGES = YES;
				INFOPLIST_FILE = "SSH Tunnel Easy/Info.plist";
				LD_RUNPATH_SEARCH_PATHS = "$(inherited) @executable_path/../Frameworks";
				PRODUCT_BUNDLE_IDENTIFIER = "com.topcaver.SSH-Tunnel-Easy";
				PRODUCT_NAME = "$(TARGET_NAME)";
			};
			name = Debug;
		};
		4C739FF81CC0BDDC00BA85A0 /* Release */ = {
			isa = XCBuildConfiguration;
			buildSettings = {
				ASSETCATALOG_COMPILER_APPICON_NAME = AppIcon;
				COMBINE_HIDPI_IMAGES = YES;
				INFOPLIST_FILE = "SSH Tunnel Easy/Info.plist";
				LD_RUNPATH_SEARCH_PATHS = "$(inherited) @executable_path/../Frameworks";
				PRODUCT_BUNDLE_IDENTIFIER = "com.topcaver.SSH-Tunnel-Easy";
				PRODUCT_NAME = "$(TARGET_NAME)";
			};
			name = Release;
		};
		4C739FFA1CC0BDDC00BA85A0 /* Debug */ = {
			isa = XCBuildConfiguration;
			buildSettings = {
				BUNDLE_LOADER = "$(TEST_HOST)";
				COMBINE_HIDPI_IMAGES = YES;
				INFOPLIST_FILE = "SSH Tunnel EasyTests/Info.plist";
				LD_RUNPATH_SEARCH_PATHS = "$(inherited) @executable_path/../Frameworks @loader_path/../Frameworks";
				PRODUCT_BUNDLE_IDENTIFIER = "com.topcaver.SSH-Tunnel-EasyTests";
				PRODUCT_NAME = "$(TARGET_NAME)";
				TEST_HOST = "$(BUILT_PRODUCTS_DIR)/SSH Tunnel Easy.app/Contents/MacOS/SSH Tunnel Easy";
			};
			name = Debug;
		};
		4C739FFB1CC0BDDC00BA85A0 /* Release */ = {
			isa = XCBuildConfiguration;
			buildSettings = {
				BUNDLE_LOADER = "$(TEST_HOST)";
				COMBINE_HIDPI_IMAGES = YES;
				INFOPLIST_FILE = "SSH Tunnel EasyTests/Info.plist";
				LD_RUNPATH_SEARCH_PATHS = "$(inherited) @executable_path/../Frameworks @loader_path/../Frameworks";
				PRODUCT_BUNDLE_IDENTIFIER = "com.topcaver.SSH-Tunnel-EasyTests";
				PRODUCT_NAME = "$(TARGET_NAME)";
				TEST_HOST = "$(BUILT_PRODUCTS_DIR)/SSH Tunnel Easy.app/Contents/MacOS/SSH Tunnel Easy";
			};
			name = Release;
		};
/* End XCBuildConfiguration section */

/* Begin XCConfigurationList section */
		4C739FD71CC0BDDC00BA85A0 /* Build configuration list for PBXProject "SSH Tunnel Easy" */ = {
			isa = XCConfigurationList;
			buildConfigurations = (
				4C739FF41CC0BDDC00BA85A0 /* Debug */,
				4C739FF51CC0BDDC00BA85A0 /* Release */,
			);
			defaultConfigurationIsVisible = 0;
			defaultConfigurationName = Release;
		};
		4C739FF61CC0BDDC00BA85A0 /* Build configuration list for PBXNativeTarget "SSH Tunnel Easy" */ = {
			isa = XCConfigurationList;
			buildConfigurations = (
				4C739FF71CC0BDDC00BA85A0 /* Debug */,
				4C739FF81CC0BDDC00BA85A0 /* Release */,
			);
			defaultConfigurationIsVisible = 0;
			defaultConfigurationName = Release;
		};
		4C739FF91CC0BDDC00BA85A0 /* Build configuration list for PBXNativeTarget "SSH Tunnel EasyTests" */ = {
			isa = XCConfigurationList;
			buildConfigurations = (
				4C739FFA1CC0BDDC00BA85A0 /* Debug */,
				4C739FFB1CC0BDDC00BA85A0 /* Release */,
			);
			defaultConfigurationIsVisible = 0;
			defaultConfigurationName = Release;
		};
/* End XCConfigurationList section */
	};
	rootObject = 4C739FD41CC0BDDC00BA85A0 /* Project object */;
}
